name: Generate Julia verifier lock

on:
  push:
    branches: ["agent/pin-julia-verifier-env"]
    paths:
      - "julia/Project.toml"
      - ".github/workflows/julia-lock.yml"
  workflow_dispatch:

permissions:
  contents: write

concurrency:
  group: julia-lock-${{ github.ref }}
  cancel-in-progress: true

jobs:
  lock:
    runs-on: ubuntu-latest
    timeout-minutes: 10
    steps:
      - uses: actions/checkout@v7
        with:
          fetch-depth: 0
      - uses: julia-actions/setup-julia@v2
        with:
          version: "1.11.9"
      - name: Resolve pinned verifier environment
        run: |
          julia --project=julia -e 'using Pkg; isempty(Pkg.Registry.reachable_registries()) && Pkg.Registry.add("General"); Pkg.resolve(); Pkg.instantiate(); Pkg.status()'
      - name: Commit generated Manifest
        run: |
          test -f julia/Manifest.toml
          if git diff --quiet -- julia/Project.toml julia/Manifest.toml && git ls-files --error-unmatch julia/Manifest.toml >/dev/null 2>&1; then
            echo "Julia verifier lock is already current"
            exit 0
          fi
          git config user.name "github-actions[bot]"
          git config user.email "41898282+github-actions[bot]@users.noreply.github.com"
          git add julia/Project.toml julia/Manifest.toml
          git commit -m "lock Julia verifier environment"
          git pull --rebase origin "$GITHUB_REF_NAME"
          git push origin "HEAD:$GITHUB_REF_NAME"
